# This file is generated by running "yarn install" inside your project.
# Manual changes might be lost - proceed with caution!

__metadata:
  version: 6
  cacheKey: 8

"@puppeteer/browsers@npm:1.4.4":
  version: 1.4.4
  resolution: "@puppeteer/browsers@npm:1.4.4"
  dependencies:
    debug: 4.3.4
    extract-zip: 2.0.1
    progress: 2.0.3
    proxy-agent: 6.2.1
    tar-fs: 3.0.4
    unbzip2-stream: 1.4.3
    yargs: 17.7.1
  peerDependencies:
    typescript: ">= 4.7.4"
  peerDependenciesMeta:
    typescript:
      optional: true
  bin:
    browsers: lib/cjs/main-cli.js
  checksum: a0b0f2ad33e9d62dcffecbb587c4469e342e3482ac8caa691184dd4cc06ad09a7d6f8dc4679e382f54f574c3e70cd65702b918cff6faaf2cf31611397358d206
  languageName: node
  linkType: hard

"@sentry/core@npm:6.19.7":
  version: 6.19.7
  resolution: "@sentry/core@npm:6.19.7"
  dependencies:
    "@sentry/hub": 6.19.7
    "@sentry/minimal": 6.19.7
    "@sentry/types": 6.19.7
    "@sentry/utils": 6.19.7
    tslib: ^1.9.3
  checksum: d212e8ef07114549de4a93b81f8bfa217ca1550ca7a5eeaa611e5629faef78ff72663ce561ffa2cff48f3dc556745ef65177044f9965cdd3cbccf617cf3bf675
  languageName: node
  linkType: hard

"@sentry/hub@npm:6.19.7":
  version: 6.19.7
  resolution: "@sentry/hub@npm:6.19.7"
  dependencies:
    "@sentry/types": 6.19.7
    "@sentry/utils": 6.19.7
    tslib: ^1.9.3
  checksum: 10bb1c5cba1b0f1e27a3dd0a186c22f94aeaf11c4662890ab07b2774f46f46af78d61e3ba71d76edc750a7b45af86edd032f35efecdb4efa2eaf551080ccdcb1
  languageName: node
  linkType: hard

"@sentry/minimal@npm:6.19.7":
  version: 6.19.7
  resolution: "@sentry/minimal@npm:6.19.7"
  dependencies:
    "@sentry/hub": 6.19.7
    "@sentry/types": 6.19.7
    tslib: ^1.9.3
  checksum: 9153ac426ee056fc34c5be898f83d74ec08f559d69f544c5944ec05e584b62ed356b92d1a9b08993a7022ad42b5661c3d72881221adc19bee5fc1af3ad3864a8
  languageName: node
  linkType: hard

"@sentry/node@npm:^6.17.4":
  version: 6.19.7
  resolution: "@sentry/node@npm:6.19.7"
  dependencies:
    "@sentry/core": 6.19.7
    "@sentry/hub": 6.19.7
    "@sentry/types": 6.19.7
    "@sentry/utils": 6.19.7
    cookie: ^0.4.1
    https-proxy-agent: ^5.0.0
    lru_map: ^0.3.3
    tslib: ^1.9.3
  checksum: 2293b0d1d1f9fac3a451eb94f820bc27721c8edddd1f373064666ddd6272f0a4c70dbe58c6c4b3d3ccaf4578aab8f466d71ee69f6f6ff93521bbb02dfe829ce5
  languageName: node
  linkType: hard

"@sentry/types@npm:6.19.7":
  version: 6.19.7
  resolution: "@sentry/types@npm:6.19.7"
  checksum: f46ef74a33376ad6ea9b128115515c58eb9369d89293c60aa67abca26b5d5d519aa4d0a736db56ae0d75ffd816643d62187018298523cbc2e6c2fb3a6b2a9035
  languageName: node
  linkType: hard

"@sentry/utils@npm:6.19.7":
  version: 6.19.7
  resolution: "@sentry/utils@npm:6.19.7"
  dependencies:
    "@sentry/types": 6.19.7
    tslib: ^1.9.3
  checksum: a000223b9c646c64e3565e79cace1eeb75114342b768367c4dddd646476c215eb1bddfb70c63f05e2352d3bce2d7d415344e4757a001605d0e01ac74da5dd306
  languageName: node
  linkType: hard

"@types/node@npm:*, @types/node@npm:^20.4.1":
  version: 20.4.1
  resolution: "@types/node@npm:20.4.1"
  checksum: 22cbcc792f2eb636fe4188778ed0f32658ab872aa7fcb9847b3fa289a42b14b9f5e30c6faec50ef3c7adbc6c2a246926e5858136bb8b10c035a3fcaa6afbeed2
  languageName: node
  linkType: hard

"@types/yauzl@npm:^2.9.1":
  version: 2.10.0
  resolution: "@types/yauzl@npm:2.10.0"
  dependencies:
    "@types/node": "*"
  checksum: 55d27ae5d346ea260e40121675c24e112ef0247649073848e5d4e03182713ae4ec8142b98f61a1c6cbe7d3b72fa99bbadb65d8b01873e5e605cdc30f1ff70ef2
  languageName: node
  linkType: hard

"acorn-walk@npm:^8.2.0":
  version: 8.2.0
  resolution: "acorn-walk@npm:8.2.0"
  checksum: 1715e76c01dd7b2d4ca472f9c58968516a4899378a63ad5b6c2d668bba8da21a71976c14ec5f5b75f887b6317c4ae0b897ab141c831d741dc76024d8745f1ad1
  languageName: node
  linkType: hard

"acorn@npm:^8.7.0":
  version: 8.10.0
  resolution: "acorn@npm:8.10.0"
  bin:
    acorn: bin/acorn
  checksum: 538ba38af0cc9e5ef983aee196c4b8b4d87c0c94532334fa7e065b2c8a1f85863467bb774231aae91613fcda5e68740c15d97b1967ae3394d20faddddd8af61d
  languageName: node
  linkType: hard

"agent-base@npm:6":
  version: 6.0.2
  resolution: "agent-base@npm:6.0.2"
  dependencies:
    debug: 4
  checksum: f52b6872cc96fd5f622071b71ef200e01c7c4c454ee68bc9accca90c98cfb39f2810e3e9aa330435835eedc8c23f4f8a15267f67c6e245d2b33757575bdac49d
  languageName: node
  linkType: hard

"agent-base@npm:^7.0.1, agent-base@npm:^7.0.2, agent-base@npm:^7.1.0":
  version: 7.1.0
  resolution: "agent-base@npm:7.1.0"
  dependencies:
    debug: ^4.3.4
  checksum: f7828f991470a0cc22cb579c86a18cbae83d8a3cbed39992ab34fc7217c4d126017f1c74d0ab66be87f71455318a8ea3e757d6a37881b8d0f2a2c6aa55e5418f
  languageName: node
  linkType: hard

"ansi-colors@npm:^4.1.1":
  version: 4.1.3
  resolution: "ansi-colors@npm:4.1.3"
  checksum: a9c2ec842038a1fabc7db9ece7d3177e2fe1c5dc6f0c51ecfbf5f39911427b89c00b5dc6b8bd95f82a26e9b16aaae2e83d45f060e98070ce4d1333038edceb0e
  languageName: node
  linkType: hard

"ansi-regex@npm:^5.0.1":
  version: 5.0.1
  resolution: "ansi-regex@npm:5.0.1"
  checksum: 2aa4bb54caf2d622f1afdad09441695af2a83aa3fe8b8afa581d205e57ed4261c183c4d3877cee25794443fde5876417d859c108078ab788d6af7e4fe52eb66b
  languageName: node
  linkType: hard

"ansi-styles@npm:^4.0.0":
  version: 4.3.0
  resolution: "ansi-styles@npm:4.3.0"
  dependencies:
    color-convert: ^2.0.1
  checksum: 513b44c3b2105dd14cc42a19271e80f386466c4be574bccf60b627432f9198571ebf4ab1e4c3ba17347658f4ee1711c163d574248c0c1cdc2d5917a0ad582ec4
  languageName: node
  linkType: hard

"ast-types@npm:^0.13.4":
  version: 0.13.4
  resolution: "ast-types@npm:0.13.4"
  dependencies:
    tslib: ^2.0.1
  checksum: 5a51f7b70588ecced3601845a0e203279ca2f5fdc184416a0a1640c93ec0a267241d6090a328e78eebb8de81f8754754e0a4f1558ba2a3d638f8ccbd0b1f0eff
  languageName: node
  linkType: hard

"axe-core@npm:4.7.2":
  version: 4.7.2
  resolution: "axe-core@npm:4.7.2"
  checksum: 5d86fa0f45213b0e54cbb5d713ce885c4a8fe3a72b92dd915a47aa396d6fd149c4a87fec53aa978511f6d941402256cfeb26f2db35129e370f25a453c688655a
  languageName: node
  linkType: hard

"b4a@npm:^1.6.4":
  version: 1.6.4
  resolution: "b4a@npm:1.6.4"
  checksum: 81b086f9af1f8845fbef4476307236bda3d660c158c201db976f19cdce05f41f93110ab6b12fd7a2696602a490cc43d5410ee36a56d6eef93afb0d6ca69ac3b2
  languageName: node
  linkType: hard

"base64-js@npm:^1.3.1":
  version: 1.5.1
  resolution: "base64-js@npm:1.5.1"
  checksum: 669632eb3745404c2f822a18fc3a0122d2f9a7a13f7fb8b5823ee19d1d2ff9ee5b52c53367176ea4ad093c332fd5ab4bd0ebae5a8e27917a4105a4cfc86b1005
  languageName: node
  linkType: hard

"basic-ftp@npm:^5.0.2":
  version: 5.0.3
  resolution: "basic-ftp@npm:5.0.3"
  checksum: 8b04e88eb85a64de9311721bb0707c9cd70453eefdd854cab85438e6f46fb6c597ddad57ed1acf0a9ede3c677b14e657f51051688a5f23d6f3ea7b5d9073b850
  languageName: node
  linkType: hard

"buffer-crc32@npm:~0.2.3":
  version: 0.2.13
  resolution: "buffer-crc32@npm:0.2.13"
  checksum: 06252347ae6daca3453b94e4b2f1d3754a3b146a111d81c68924c22d91889a40623264e95e67955b1cb4a68cbedf317abeabb5140a9766ed248973096db5ce1c
  languageName: node
  linkType: hard

"buffer@npm:^5.2.1":
  version: 5.7.1
  resolution: "buffer@npm:5.7.1"
  dependencies:
    base64-js: ^1.3.1
    ieee754: ^1.1.13
  checksum: e2cf8429e1c4c7b8cbd30834ac09bd61da46ce35f5c22a78e6c2f04497d6d25541b16881e30a019c6fd3154150650ccee27a308eff3e26229d788bbdeb08ab84
  languageName: node
  linkType: hard

"chrome-launcher@npm:^0.15.2":
  version: 0.15.2
  resolution: "chrome-launcher@npm:0.15.2"
  dependencies:
    "@types/node": "*"
    escape-string-regexp: ^4.0.0
    is-wsl: ^2.2.0
    lighthouse-logger: ^1.0.0
  bin:
    print-chrome-path: bin/print-chrome-path.js
  checksum: e1f8131b9f7bd931248ea85f413c6cdb93a0d41440ff5bf0987f36afb081d2b2c7b60ba6062ee7ae2dd9b052143f6b275b38c9eb115d11b49c3ea8829bad7db0
  languageName: node
  linkType: hard

"chromium-bidi@npm:0.4.16":
  version: 0.4.16
  resolution: "chromium-bidi@npm:0.4.16"
  dependencies:
    mitt: 3.0.0
  peerDependencies:
    devtools-protocol: "*"
  checksum: 9cbb362fdf589dbdfd1618499c5bbdac45a3aa1291c1d2faa2f1ea3768738677985175d1bb1511dfe3e188bc78e6ea2acb453564ece7e09f535bbcd2253ce06a
  languageName: node
  linkType: hard

"cliui@npm:^8.0.1":
  version: 8.0.1
  resolution: "cliui@npm:8.0.1"
  dependencies:
    string-width: ^4.2.0
    strip-ansi: ^6.0.1
    wrap-ansi: ^7.0.0
  checksum: 79648b3b0045f2e285b76fb2e24e207c6db44323581e421c3acbd0e86454cba1b37aea976ab50195a49e7384b871e6dfb2247ad7dec53c02454ac6497394cb56
  languageName: node
  linkType: hard

"color-convert@npm:^2.0.1":
  version: 2.0.1
  resolution: "color-convert@npm:2.0.1"
  dependencies:
    color-name: ~1.1.4
  checksum: 79e6bdb9fd479a205c71d89574fccfb22bd9053bd98c6c4d870d65c132e5e904e6034978e55b43d69fcaa7433af2016ee203ce76eeba9cfa554b373e7f7db336
  languageName: node
  linkType: hard

"color-name@npm:~1.1.4":
  version: 1.1.4
  resolution: "color-name@npm:1.1.4"
  checksum: b0445859521eb4021cd0fb0cc1a75cecf67fceecae89b63f62b201cca8d345baf8b952c966862a9d9a2632987d4f6581f0ec8d957dfacece86f0a7919316f610
  languageName: node
  linkType: hard

"configstore@npm:^5.0.1":
  version: 5.0.1
  resolution: "configstore@npm:5.0.1"
  dependencies:
    dot-prop: ^5.2.0
    graceful-fs: ^4.1.2
    make-dir: ^3.0.0
    unique-string: ^2.0.0
    write-file-atomic: ^3.0.0
    xdg-basedir: ^4.0.0
  checksum: 60ef65d493b63f96e14b11ba7ec072fdbf3d40110a94fb7199d1c287761bdea5c5244e76b2596325f30c1b652213aa75de96ea20afd4a5f82065e61ea090988e
  languageName: node
  linkType: hard

"cookie@npm:^0.4.1":
  version: 0.4.2
  resolution: "cookie@npm:0.4.2"
  checksum: a00833c998bedf8e787b4c342defe5fa419abd96b32f4464f718b91022586b8f1bafbddd499288e75c037642493c83083da426c6a9080d309e3bd90fd11baa9b
  languageName: node
  linkType: hard

"cross-fetch@npm:4.0.0":
  version: 4.0.0
  resolution: "cross-fetch@npm:4.0.0"
  dependencies:
    node-fetch: ^2.6.12
  checksum: ecca4f37ffa0e8283e7a8a590926b66713a7ef7892757aa36c2d20ffa27b0ac5c60dcf453119c809abe5923fc0bae3702a4d896bfb406ef1077b0d0018213e24
  languageName: node
  linkType: hard

"crypto-random-string@npm:^2.0.0":
  version: 2.0.0
  resolution: "crypto-random-string@npm:2.0.0"
  checksum: 0283879f55e7c16fdceacc181f87a0a65c53bc16ffe1d58b9d19a6277adcd71900d02bb2c4843dd55e78c51e30e89b0fec618a7f170ebcc95b33182c28f05fd6
  languageName: node
  linkType: hard

"csp_evaluator@npm:1.1.1":
  version: 1.1.1
  resolution: "csp_evaluator@npm:1.1.1"
  checksum: 2db7806838385a1aa2715a86d07364cc2253bb18afa49d503094b8170e2bc94bc3ca312226eba4fe5041abab945a671696308a7d76755f9c3a2b9d58a121fb3f
  languageName: node
  linkType: hard

"data-uri-to-buffer@npm:^5.0.1":
  version: 5.0.1
  resolution: "data-uri-to-buffer@npm:5.0.1"
  checksum: 10958f89c0047b84bd86d572b6b77c9bf238ebe7b55a9a9ab04c90fbf5ab1881783b72e31dc0febdffd30ec914930244f2f728e3629bb8911d922baba129426f
  languageName: node
  linkType: hard

"debug@npm:4, debug@npm:4.3.4, debug@npm:^4.1.1, debug@npm:^4.3.4":
  version: 4.3.4
  resolution: "debug@npm:4.3.4"
  dependencies:
    ms: 2.1.2
  peerDependenciesMeta:
    supports-color:
      optional: true
  checksum: 3dbad3f94ea64f34431a9cbf0bafb61853eda57bff2880036153438f50fb5a84f27683ba0d8e5426bf41a8c6ff03879488120cf5b3a761e77953169c0600a708
  languageName: node
  linkType: hard

"debug@npm:^2.6.9":
  version: 2.6.9
  resolution: "debug@npm:2.6.9"
  dependencies:
    ms: 2.0.0
  checksum: d2f51589ca66df60bf36e1fa6e4386b318c3f1e06772280eea5b1ae9fd3d05e9c2b7fd8a7d862457d00853c75b00451aa2d7459b924629ee385287a650f58fe6
  languageName: node
  linkType: hard

"deep-is@npm:~0.1.3":
  version: 0.1.4
  resolution: "deep-is@npm:0.1.4"
  checksum: edb65dd0d7d1b9c40b2f50219aef30e116cedd6fc79290e740972c132c09106d2e80aa0bc8826673dd5a00222d4179c84b36a790eef63a4c4bca75a37ef90804
  languageName: node
  linkType: hard

"define-lazy-prop@npm:^2.0.0":
  version: 2.0.0
  resolution: "define-lazy-prop@npm:2.0.0"
  checksum: 0115fdb065e0490918ba271d7339c42453d209d4cb619dfe635870d906731eff3e1ade8028bb461ea27ce8264ec5e22c6980612d332895977e89c1bbc80fcee2
  languageName: node
  linkType: hard

"degenerator@npm:^4.0.4":
  version: 4.0.4
  resolution: "degenerator@npm:4.0.4"
  dependencies:
    ast-types: ^0.13.4
    escodegen: ^1.14.3
    esprima: ^4.0.1
    vm2: ^3.9.19
  checksum: 3eb2dbdd453d01bcb8655d759d1a4aad5f3b99d1fc40b6c204e59efbaeb2a04eb3a68767eb24e06fc49370eb986b1e4baed32b9eac6f7495791a4d13e775ee74
  languageName: node
  linkType: hard

"devtools-protocol@npm:0.0.1135028":
  version: 0.0.1135028
  resolution: "devtools-protocol@npm:0.0.1135028"
  checksum: ee647140ac843ba3a7a4b6436588bf81adbb1f035489a9e71985b27c1f489779c63865ddb70a98beb3f4cea9dd53f1e049f41163c46d4555a76d36868b5882d1
  languageName: node
  linkType: hard

"devtools-protocol@npm:0.0.1155343":
  version: 0.0.1155343
  resolution: "devtools-protocol@npm:0.0.1155343"
  checksum: 5f43a0360788bddce5876aaa7c1950600faa1fda16031a672349c31d827fdbe6d194628babd309d2295ac66a58d7aad1798c9f7da88e592fbfc31e8aa8321beb
  languageName: node
  linkType: hard

"dot-prop@npm:^5.2.0":
  version: 5.3.0
  resolution: "dot-prop@npm:5.3.0"
  dependencies:
    is-obj: ^2.0.0
  checksum: d5775790093c234ef4bfd5fbe40884ff7e6c87573e5339432870616331189f7f5d86575c5b5af2dcf0f61172990f4f734d07844b1f23482fff09e3c4bead05ea
  languageName: node
  linkType: hard

"emoji-regex@npm:^8.0.0":
  version: 8.0.0
  resolution: "emoji-regex@npm:8.0.0"
  checksum: d4c5c39d5a9868b5fa152f00cada8a936868fd3367f33f71be515ecee4c803132d11b31a6222b2571b1e5f7e13890156a94880345594d0ce7e3c9895f560f192
  languageName: node
  linkType: hard

"end-of-stream@npm:^1.1.0":
  version: 1.4.4
  resolution: "end-of-stream@npm:1.4.4"
  dependencies:
    once: ^1.4.0
  checksum: 530a5a5a1e517e962854a31693dbb5c0b2fc40b46dad2a56a2deec656ca040631124f4795823acc68238147805f8b021abbe221f4afed5ef3c8e8efc2024908b
  languageName: node
  linkType: hard

"enquirer@npm:^2.3.6":
  version: 2.3.6
  resolution: "enquirer@npm:2.3.6"
  dependencies:
    ansi-colors: ^4.1.1
  checksum: 1c0911e14a6f8d26721c91e01db06092a5f7675159f0261d69c403396a385afd13dd76825e7678f66daffa930cfaa8d45f506fb35f818a2788463d022af1b884
  languageName: node
  linkType: hard

"escalade@npm:^3.1.1":
  version: 3.1.1
  resolution: "escalade@npm:3.1.1"
  checksum: a3e2a99f07acb74b3ad4989c48ca0c3140f69f923e56d0cba0526240ee470b91010f9d39001f2a4a313841d237ede70a729e92125191ba5d21e74b106800b133
  languageName: node
  linkType: hard

"escape-string-regexp@npm:^4.0.0":
  version: 4.0.0
  resolution: "escape-string-regexp@npm:4.0.0"
  checksum: 98b48897d93060f2322108bf29db0feba7dd774be96cd069458d1453347b25ce8682ecc39859d4bca2203cc0ab19c237bcc71755eff49a0f8d90beadeeba5cc5
  languageName: node
  linkType: hard

"escodegen@npm:^1.14.3":
  version: 1.14.3
  resolution: "escodegen@npm:1.14.3"
  dependencies:
    esprima: ^4.0.1
    estraverse: ^4.2.0
    esutils: ^2.0.2
    optionator: ^0.8.1
    source-map: ~0.6.1
  dependenciesMeta:
    source-map:
      optional: true
  bin:
    escodegen: bin/escodegen.js
    esgenerate: bin/esgenerate.js
  checksum: 381cdc4767ecdb221206bbbab021b467bbc2a6f5c9a99c9e6353040080bdd3dfe73d7604ad89a47aca6ea7d58bc635f6bd3fbc8da9a1998e9ddfa8372362ccd0
  languageName: node
  linkType: hard

"esprima@npm:^4.0.1":
  version: 4.0.1
  resolution: "esprima@npm:4.0.1"
  bin:
    esparse: ./bin/esparse.js
    esvalidate: ./bin/esvalidate.js
  checksum: b45bc805a613dbea2835278c306b91aff6173c8d034223fa81498c77dcbce3b2931bf6006db816f62eacd9fd4ea975dfd85a5b7f3c6402cfd050d4ca3c13a628
  languageName: node
  linkType: hard

"estraverse@npm:^4.2.0":
  version: 4.3.0
  resolution: "estraverse@npm:4.3.0"
  checksum: a6299491f9940bb246124a8d44b7b7a413a8336f5436f9837aaa9330209bd9ee8af7e91a654a3545aee9c54b3308e78ee360cef1d777d37cfef77d2fa33b5827
  languageName: node
  linkType: hard

"esutils@npm:^2.0.2":
  version: 2.0.3
  resolution: "esutils@npm:2.0.3"
  checksum: 22b5b08f74737379a840b8ed2036a5fb35826c709ab000683b092d9054e5c2a82c27818f12604bfc2a9a76b90b6834ef081edbc1c7ae30d1627012e067c6ec87
  languageName: node
  linkType: hard

"extract-zip@npm:2.0.1":
  version: 2.0.1
  resolution: "extract-zip@npm:2.0.1"
  dependencies:
    "@types/yauzl": ^2.9.1
    debug: ^4.1.1
    get-stream: ^5.1.0
    yauzl: ^2.10.0
  dependenciesMeta:
    "@types/yauzl":
      optional: true
  bin:
    extract-zip: cli.js
  checksum: 8cbda9debdd6d6980819cc69734d874ddd71051c9fe5bde1ef307ebcedfe949ba57b004894b585f758b7c9eeeea0e3d87f2dda89b7d25320459c2c9643ebb635
  languageName: node
  linkType: hard

"fast-fifo@npm:^1.1.0, fast-fifo@npm:^1.2.0":
  version: 1.3.0
  resolution: "fast-fifo@npm:1.3.0"
  checksum: edc589b818eede61d0048f399daf67cbc5ef736588669482a20f37269b4808356e54ab89676fd8fa59b26c216c11e5ac57335cc70dca54fbbf692d4acde10de6
  languageName: node
  linkType: hard

"fast-levenshtein@npm:~2.0.6":
  version: 2.0.6
  resolution: "fast-levenshtein@npm:2.0.6"
  checksum: 92cfec0a8dfafd9c7a15fba8f2cc29cd0b62b85f056d99ce448bbcd9f708e18ab2764bda4dd5158364f4145a7c72788538994f0d1787b956ef0d1062b0f7c24c
  languageName: node
  linkType: hard

"fd-slicer@npm:~1.1.0":
  version: 1.1.0
  resolution: "fd-slicer@npm:1.1.0"
  dependencies:
    pend: ~1.2.0
  checksum: c8585fd5713f4476eb8261150900d2cb7f6ff2d87f8feb306ccc8a1122efd152f1783bdb2b8dc891395744583436bfd8081d8e63ece0ec8687eeefea394d4ff2
  languageName: node
  linkType: hard

"fs-extra@npm:^8.1.0":
  version: 8.1.0
  resolution: "fs-extra@npm:8.1.0"
  dependencies:
    graceful-fs: ^4.2.0
    jsonfile: ^4.0.0
    universalify: ^0.1.0
  checksum: bf44f0e6cea59d5ce071bba4c43ca76d216f89e402dc6285c128abc0902e9b8525135aa808adad72c9d5d218e9f4bcc63962815529ff2f684ad532172a284880
  languageName: node
  linkType: hard

"get-caller-file@npm:^2.0.5":
  version: 2.0.5
  resolution: "get-caller-file@npm:2.0.5"
  checksum: b9769a836d2a98c3ee734a88ba712e62703f1df31b94b784762c433c27a386dd6029ff55c2a920c392e33657d80191edbf18c61487e198844844516f843496b9
  languageName: node
  linkType: hard

"get-stream@npm:^5.1.0":
  version: 5.2.0
  resolution: "get-stream@npm:5.2.0"
  dependencies:
    pump: ^3.0.0
  checksum: 8bc1a23174a06b2b4ce600df38d6c98d2ef6d84e020c1ddad632ad75bac4e092eeb40e4c09e0761c35fc2dbc5e7fff5dab5e763a383582c4a167dd69a905bd12
  languageName: node
  linkType: hard

"get-uri@npm:^6.0.1":
  version: 6.0.1
  resolution: "get-uri@npm:6.0.1"
  dependencies:
    basic-ftp: ^5.0.2
    data-uri-to-buffer: ^5.0.1
    debug: ^4.3.4
    fs-extra: ^8.1.0
  checksum: a8aec70e1c67386fbe67f66e344ecd671a19f4cfc8e0f0e14d070563af5123d540e77fbceb6e26566f29846fac864d2862699ab134d307f85c85e7d72ce23d14
  languageName: node
  linkType: hard

"graceful-fs@npm:^4.1.2, graceful-fs@npm:^4.1.6, graceful-fs@npm:^4.2.0":
  version: 4.2.11
  resolution: "graceful-fs@npm:4.2.11"
  checksum: ac85f94da92d8eb6b7f5a8b20ce65e43d66761c55ce85ac96df6865308390da45a8d3f0296dd3a663de65d30ba497bd46c696cc1e248c72b13d6d567138a4fc7
  languageName: node
  linkType: hard

"http-link-header@npm:^1.1.1":
  version: 1.1.1
  resolution: "http-link-header@npm:1.1.1"
  checksum: f9225b5500aefe34a74e82a21250758f6da17e472f21d8c3ea0b7c7e7c03bbc6cfafaf5d26d9cb5f860aa4936937e5fb94dbeee058b648d23dec2580d52b177b
  languageName: node
  linkType: hard

"http-proxy-agent@npm:^7.0.0":
  version: 7.0.0
  resolution: "http-proxy-agent@npm:7.0.0"
  dependencies:
    agent-base: ^7.1.0
    debug: ^4.3.4
  checksum: 48d4fac997917e15f45094852b63b62a46d0c8a4f0b9c6c23ca26d27b8df8d178bed88389e604745e748bd9a01f5023e25093722777f0593c3f052009ff438b6
  languageName: node
  linkType: hard

"https-proxy-agent@npm:^5.0.0":
  version: 5.0.1
  resolution: "https-proxy-agent@npm:5.0.1"
  dependencies:
    agent-base: 6
    debug: 4
  checksum: 571fccdf38184f05943e12d37d6ce38197becdd69e58d03f43637f7fa1269cf303a7d228aa27e5b27bbd3af8f09fd938e1c91dcfefff2df7ba77c20ed8dfc765
  languageName: node
  linkType: hard

"https-proxy-agent@npm:^7.0.0":
  version: 7.0.1
  resolution: "https-proxy-agent@npm:7.0.1"
  dependencies:
    agent-base: ^7.0.2
    debug: 4
  checksum: 2d765c31865071373771f53abdd72912567b76015a4eff61094f586194192950cd89257d50f0e621807a16c083bc8cad5852e3885c6ba154d2ce721a18fac248
  languageName: node
  linkType: hard

"ieee754@npm:^1.1.13":
  version: 1.2.1
  resolution: "ieee754@npm:1.2.1"
  checksum: 5144c0c9815e54ada181d80a0b810221a253562422e7c6c3a60b1901154184f49326ec239d618c416c1c5945a2e197107aee8d986a3dd836b53dffefd99b5e7e
  languageName: node
  linkType: hard

"image-ssim@npm:^0.2.0":
  version: 0.2.0
  resolution: "image-ssim@npm:0.2.0"
  checksum: c1bb7c6d6c33733dafc525593d14be0beaf67010dc403c779ee21c8bed155f30e94b5ef7f4ed34b3fe026159251bc585cd4a11475d145decb6a9f7546925c141
  languageName: node
  linkType: hard

"imurmurhash@npm:^0.1.4":
  version: 0.1.4
  resolution: "imurmurhash@npm:0.1.4"
  checksum: 7cae75c8cd9a50f57dadd77482359f659eaebac0319dd9368bcd1714f55e65badd6929ca58569da2b6494ef13fdd5598cd700b1eba23f8b79c5f19d195a3ecf7
  languageName: node
  linkType: hard

"intl-messageformat-parser@npm:^1.8.1":
  version: 1.8.1
  resolution: "intl-messageformat-parser@npm:1.8.1"
  checksum: 73e5e372c1f1ca40165e4c91b84a177237fda8ecbe7b680cb36bf6e9162ac2c2b97c520344255bfb0cb02758f8f40803f1291d60f9179c44c1a1ad2c3d964609
  languageName: node
  linkType: hard

"intl-messageformat@npm:^4.4.0":
  version: 4.4.0
  resolution: "intl-messageformat@npm:4.4.0"
  dependencies:
    intl-messageformat-parser: ^1.8.1
  checksum: f8e91e5515523c93d061bdb07efab4a921589fb1288a7f37f6251b1235f16f29242c3af6757fa5058eede8941768a0224abd183fe56e783eb50703b39db170e8
  languageName: node
  linkType: hard

"ip@npm:^1.1.8":
  version: 1.1.8
  resolution: "ip@npm:1.1.8"
  checksum: a2ade53eb339fb0cbe9e69a44caab10d6e3784662285eb5d2677117ee4facc33a64679051c35e0dfdb1a3983a51ce2f5d2cb36446d52e10d01881789b76e28fb
  languageName: node
  linkType: hard

"ip@npm:^2.0.0":
  version: 2.0.0
  resolution: "ip@npm:2.0.0"
  checksum: cfcfac6b873b701996d71ec82a7dd27ba92450afdb421e356f44044ed688df04567344c36cbacea7d01b1c39a4c732dc012570ebe9bebfb06f27314bca625349
  languageName: node
  linkType: hard

"is-docker@npm:^2.0.0, is-docker@npm:^2.1.1":
  version: 2.2.1
  resolution: "is-docker@npm:2.2.1"
  bin:
    is-docker: cli.js
  checksum: 3fef7ddbf0be25958e8991ad941901bf5922ab2753c46980b60b05c1bf9c9c2402d35e6dc32e4380b980ef5e1970a5d9d5e5aa2e02d77727c3b6b5e918474c56
  languageName: node
  linkType: hard

"is-fullwidth-code-point@npm:^3.0.0":
  version: 3.0.0
  resolution: "is-fullwidth-code-point@npm:3.0.0"
  checksum: 44a30c29457c7fb8f00297bce733f0a64cd22eca270f83e58c105e0d015e45c019491a4ab2faef91ab51d4738c670daff901c799f6a700e27f7314029e99e348
  languageName: node
  linkType: hard

"is-obj@npm:^2.0.0":
  version: 2.0.0
  resolution: "is-obj@npm:2.0.0"
  checksum: c9916ac8f4621962a42f5e80e7ffdb1d79a3fab7456ceaeea394cd9e0858d04f985a9ace45be44433bf605673c8be8810540fe4cc7f4266fc7526ced95af5a08
  languageName: node
  linkType: hard

"is-typedarray@npm:^1.0.0":
  version: 1.0.0
  resolution: "is-typedarray@npm:1.0.0"
  checksum: 3508c6cd0a9ee2e0df2fa2e9baabcdc89e911c7bd5cf64604586697212feec525aa21050e48affb5ffc3df20f0f5d2e2cf79b08caa64e1ccc9578e251763aef7
  languageName: node
  linkType: hard

"is-wsl@npm:^2.2.0":
  version: 2.2.0
  resolution: "is-wsl@npm:2.2.0"
  dependencies:
    is-docker: ^2.0.0
  checksum: 20849846ae414997d290b75e16868e5261e86ff5047f104027026fd61d8b5a9b0b3ade16239f35e1a067b3c7cc02f70183cb661010ed16f4b6c7c93dad1b19d8
  languageName: node
  linkType: hard

"jpeg-js@npm:^0.4.1, jpeg-js@npm:^0.4.4":
  version: 0.4.4
  resolution: "jpeg-js@npm:0.4.4"
  checksum: bd7cb61aa8df40a9ee2c2106839c3df6054891e56cfc22c0ac581402e06c6295f962a4754b0b2ac50a401789131b1c6dc9df8d24400f1352168be1894833c590
  languageName: node
  linkType: hard

"js-library-detector@npm:^6.6.0":
  version: 6.6.0
  resolution: "js-library-detector@npm:6.6.0"
  checksum: 7fb4d882cf3fbab70d0bebec1ca75edd62a46009e1caab17fb9914690bb53c257cf3ec08d907349b84ad67fdf2d08a925472996d1706bad03218bda7b842bc0c
  languageName: node
  linkType: hard

"jsonfile@npm:^4.0.0":
  version: 4.0.0
  resolution: "jsonfile@npm:4.0.0"
  dependencies:
    graceful-fs: ^4.1.6
  dependenciesMeta:
    graceful-fs:
      optional: true
  checksum: 6447d6224f0d31623eef9b51185af03ac328a7553efcee30fa423d98a9e276ca08db87d71e17f2310b0263fd3ffa6c2a90a6308367f661dc21580f9469897c9e
  languageName: node
  linkType: hard

"levn@npm:~0.3.0":
  version: 0.3.0
  resolution: "levn@npm:0.3.0"
  dependencies:
    prelude-ls: ~1.1.2
    type-check: ~0.3.2
  checksum: 0d084a524231a8246bb10fec48cdbb35282099f6954838604f3c7fc66f2e16fa66fd9cc2f3f20a541a113c4dafdf181e822c887c8a319c9195444e6c64ac395e
  languageName: node
  linkType: hard

"lighthouse-logger@npm:^1.0.0, lighthouse-logger@npm:^1.4.1":
  version: 1.4.2
  resolution: "lighthouse-logger@npm:1.4.2"
  dependencies:
    debug: ^2.6.9
    marky: ^1.2.2
  checksum: ba6b73d93424318fab58b4e07c9ed246e3e969a3313f26b69515ed4c06457dd9a0b11bc706948398fdaef26aa4ba5e65cb848c37ce59f470d3c6c450b9b79a33
  languageName: node
  linkType: hard

"lighthouse-stack-packs@npm:1.11.0":
  version: 1.11.0
  resolution: "lighthouse-stack-packs@npm:1.11.0"
  checksum: ab33904ee47f143659d5afa5638e1c8c887e503e742d8651ba765bb1e9fac0d83fe1930d46617138ea73e6a2f638675b17a5f7793cbae58ca5af833c879b0a73
  languageName: node
  linkType: hard

"lighthouse@npm:^10.4.0":
  version: 10.4.0
  resolution: "lighthouse@npm:10.4.0"
  dependencies:
    "@sentry/node": ^6.17.4
    axe-core: 4.7.2
    chrome-launcher: ^0.15.2
    configstore: ^5.0.1
    csp_evaluator: 1.1.1
    devtools-protocol: 0.0.1155343
    enquirer: ^2.3.6
    http-link-header: ^1.1.1
    intl-messageformat: ^4.4.0
    jpeg-js: ^0.4.4
    js-library-detector: ^6.6.0
    lighthouse-logger: ^1.4.1
    lighthouse-stack-packs: 1.11.0
    lodash: ^4.17.21
    lookup-closest-locale: 6.2.0
    metaviewport-parser: 0.3.0
    open: ^8.4.0
    parse-cache-control: 1.0.1
    ps-list: ^8.0.0
    puppeteer-core: ^20.8.0
    robots-parser: ^3.0.0
    semver: ^5.3.0
    speedline-core: ^1.4.3
    third-party-web: ^0.23.3
    ws: ^7.0.0
    yargs: ^17.3.1
    yargs-parser: ^21.0.0
  bin:
    chrome-debug: core/scripts/manual-chrome-launcher.js
    lighthouse: cli/index.js
    smokehouse: cli/test/smokehouse/frontends/smokehouse-bin.js
  checksum: 62fb3d106d22d8c864a0e83b5ca48e63babe6496e5e295c66e908fc2b7cf0053fc16bcc8ab11e31c26c5b145c88416da605671802312908c3b2e88d1606fa284
  languageName: node
  linkType: hard

"lodash@npm:^4.17.21":
  version: 4.17.21
  resolution: "lodash@npm:4.17.21"
  checksum: eb835a2e51d381e561e508ce932ea50a8e5a68f4ebdd771ea240d3048244a8d13658acbd502cd4829768c56f2e16bdd4340b9ea141297d472517b83868e677f7
  languageName: node
  linkType: hard

"lookup-closest-locale@npm:6.2.0":
  version: 6.2.0
  resolution: "lookup-closest-locale@npm:6.2.0"
  checksum: 5ef9a8d48c14ff36dce324a88c2660ce4f04ecf51d2db406b6f0c32ac62634713764e9e7008e16a2f7da58419ff5d9f7fb7eada46ec3e1ba1209947b72ee9edc
  languageName: node
  linkType: hard

"lru-cache@npm:^7.14.1":
  version: 7.18.3
  resolution: "lru-cache@npm:7.18.3"
  checksum: e550d772384709deea3f141af34b6d4fa392e2e418c1498c078de0ee63670f1f46f5eee746e8ef7e69e1c895af0d4224e62ee33e66a543a14763b0f2e74c1356
  languageName: node
  linkType: hard

"lru_map@npm:^0.3.3":
  version: 0.3.3
  resolution: "lru_map@npm:0.3.3"
  checksum: ca9dd43c65ed7a4f117c548028101c5b6855e10923ea9d1f635af53ad20c5868ff428c364d454a7b57fe391b89c704982275410c3c5099cca5aeee00d76e169a
  languageName: node
  linkType: hard

"make-dir@npm:^3.0.0":
  version: 3.1.0
  resolution: "make-dir@npm:3.1.0"
  dependencies:
    semver: ^6.0.0
  checksum: 484200020ab5a1fdf12f393fe5f385fc8e4378824c940fba1729dcd198ae4ff24867bc7a5646331e50cead8abff5d9270c456314386e629acec6dff4b8016b78
  languageName: node
  linkType: hard

"marky@npm:^1.2.2":
  version: 1.2.5
  resolution: "marky@npm:1.2.5"
  checksum: 823b946677749551cdfc3b5221685478b5d1b9cc0dc03eff977c6f9a615fb05c67559f9556cb3c0fcb941a9ea0e195e37befd83026443396ccee8b724f54f4c5
  languageName: node
  linkType: hard

"metaviewport-parser@npm:0.3.0":
  version: 0.3.0
  resolution: "metaviewport-parser@npm:0.3.0"
  checksum: f88e092d66e7eb01d409136b3efa11e9de0f5026ed945e9d8a089a4dd0fe10ddc28726e2648ea030fc44c248078b12a911100537e758d43aac150978ff3967cb
  languageName: node
  linkType: hard

"mitt@npm:3.0.0":
  version: 3.0.0
  resolution: "mitt@npm:3.0.0"
  checksum: f7be5049d27d18b1dbe9408452d66376fa60ae4a79fe9319869d1b90ae8cbaedadc7e9dab30b32d781411256d468be5538996bb7368941c09009ef6bbfa6bfc7
  languageName: node
  linkType: hard

"mkdirp-classic@npm:^0.5.2":
  version: 0.5.3
  resolution: "mkdirp-classic@npm:0.5.3"
  checksum: 3f4e088208270bbcc148d53b73e9a5bd9eef05ad2cbf3b3d0ff8795278d50dd1d11a8ef1875ff5aea3fa888931f95bfcb2ad5b7c1061cfefd6284d199e6776ac
  languageName: node
  linkType: hard

"ms@npm:2.0.0":
  version: 2.0.0
  resolution: "ms@npm:2.0.0"
  checksum: 0e6a22b8b746d2e0b65a430519934fefd41b6db0682e3477c10f60c76e947c4c0ad06f63ffdf1d78d335f83edee8c0aa928aa66a36c7cd95b69b26f468d527f4
  languageName: node
  linkType: hard

"ms@npm:2.1.2":
  version: 2.1.2
  resolution: "ms@npm:2.1.2"
  checksum: 673cdb2c3133eb050c745908d8ce632ed2c02d85640e2edb3ace856a2266a813b30c613569bf3354fdf4ea7d1a1494add3bfa95e2713baa27d0c2c71fc44f58f
  languageName: node
  linkType: hard

"netmask@npm:^2.0.2":
  version: 2.0.2
  resolution: "netmask@npm:2.0.2"
  checksum: c65cb8d3f7ea5669edddb3217e4c96910a60d0d9a4b52d9847ff6b28b2d0277cd8464eee0ef85133cdee32605c57940cacdd04a9a019079b091b6bba4cb0ec22
  languageName: node
  linkType: hard

"node-fetch@npm:^2.6.12":
  version: 2.6.12
  resolution: "node-fetch@npm:2.6.12"
  dependencies:
    whatwg-url: ^5.0.0
  peerDependencies:
    encoding: ^0.1.0
  peerDependenciesMeta:
    encoding:
      optional: true
  checksum: 3bc1655203d47ee8e313c0d96664b9673a3d4dd8002740318e9d27d14ef306693a4b2ef8d6525775056fd912a19e23f3ac0d7111ad8925877b7567b29a625592
  languageName: node
  linkType: hard

"once@npm:^1.3.1, once@npm:^1.4.0":
  version: 1.4.0
  resolution: "once@npm:1.4.0"
  dependencies:
    wrappy: 1
  checksum: cd0a88501333edd640d95f0d2700fbde6bff20b3d4d9bdc521bdd31af0656b5706570d6c6afe532045a20bb8dc0849f8332d6f2a416e0ba6d3d3b98806c7db68
  languageName: node
  linkType: hard

"open@npm:^8.4.0":
  version: 8.4.2
  resolution: "open@npm:8.4.2"
  dependencies:
    define-lazy-prop: ^2.0.0
    is-docker: ^2.1.1
    is-wsl: ^2.2.0
  checksum: 6388bfff21b40cb9bd8f913f9130d107f2ed4724ea81a8fd29798ee322b361ca31fa2cdfb491a5c31e43a3996cfe9566741238c7a741ada8d7af1cb78d85cf26
  languageName: node
  linkType: hard

"optionator@npm:^0.8.1":
  version: 0.8.3
  resolution: "optionator@npm:0.8.3"
  dependencies:
    deep-is: ~0.1.3
    fast-levenshtein: ~2.0.6
    levn: ~0.3.0
    prelude-ls: ~1.1.2
    type-check: ~0.3.2
    word-wrap: ~1.2.3
  checksum: b8695ddf3d593203e25ab0900e265d860038486c943ff8b774f596a310f8ceebdb30c6832407a8198ba3ec9debe1abe1f51d4aad94843612db3b76d690c61d34
  languageName: node
  linkType: hard

"pac-proxy-agent@npm:^6.0.3":
  version: 6.0.3
  resolution: "pac-proxy-agent@npm:6.0.3"
  dependencies:
    agent-base: ^7.0.2
    debug: ^4.3.4
    get-uri: ^6.0.1
    http-proxy-agent: ^7.0.0
    https-proxy-agent: ^7.0.0
    pac-resolver: ^6.0.1
    socks-proxy-agent: ^8.0.1
  checksum: ad3ec624c0b3cadeab828d9ac75d5bab5b06b587ae721807181b5ceaac0ecb8415df283cf919af66278271c76f08e1b867829207baf712e7f177c1e528920043
  languageName: node
  linkType: hard

"pac-resolver@npm:^6.0.1":
  version: 6.0.2
  resolution: "pac-resolver@npm:6.0.2"
  dependencies:
    degenerator: ^4.0.4
    ip: ^1.1.8
    netmask: ^2.0.2
  checksum: 5b751fbd8b9bec25204d0fc8c7114c65c5aa30492e851a2ee9bfc47cd4bbb555d4e315ddbda2b4071fc97098504a7e55c3e57d32f19ebb9bbaa189f94b050ed5
  languageName: node
  linkType: hard

"parse-cache-control@npm:1.0.1":
  version: 1.0.1
  resolution: "parse-cache-control@npm:1.0.1"
  checksum: 5a70868792124eb07c2dd07a78fcb824102e972e908254e9e59ce59a4796c51705ff28196d2b20d3b7353d14e9f98e65ed0e4eda9be072cc99b5297dc0466fee
  languageName: node
  linkType: hard

"pend@npm:~1.2.0":
  version: 1.2.0
  resolution: "pend@npm:1.2.0"
  checksum: 6c72f5243303d9c60bd98e6446ba7d30ae29e3d56fdb6fae8767e8ba6386f33ee284c97efe3230a0d0217e2b1723b8ab490b1bbf34fcbb2180dbc8a9de47850d
  languageName: node
  linkType: hard

"prelude-ls@npm:~1.1.2":
  version: 1.1.2
  resolution: "prelude-ls@npm:1.1.2"
  checksum: c4867c87488e4a0c233e158e4d0d5565b609b105d75e4c05dc760840475f06b731332eb93cc8c9cecb840aa8ec323ca3c9a56ad7820ad2e63f0261dadcb154e4
  languageName: node
  linkType: hard

"prettier@npm:^3.0.0":
  version: 3.0.0
  resolution: "prettier@npm:3.0.0"
  bin:
    prettier: bin/prettier.cjs
  checksum: 6a832876a1552dc58330d2467874e5a0b46b9ccbfc5d3531eb69d15684743e7f83dc9fbd202db6270446deba9c82b79d24383d09924c462b457136a759425e33
  languageName: node
  linkType: hard

"progress@npm:2.0.3":
  version: 2.0.3
  resolution: "progress@npm:2.0.3"
  checksum: f67403fe7b34912148d9252cb7481266a354bd99ce82c835f79070643bb3c6583d10dbcfda4d41e04bbc1d8437e9af0fb1e1f2135727878f5308682a579429b7
  languageName: node
  linkType: hard

"proxy-agent@npm:6.2.1":
  version: 6.2.1
  resolution: "proxy-agent@npm:6.2.1"
  dependencies:
    agent-base: ^7.0.2
    debug: ^4.3.4
    http-proxy-agent: ^7.0.0
    https-proxy-agent: ^7.0.0
    lru-cache: ^7.14.1
    pac-proxy-agent: ^6.0.3
    proxy-from-env: ^1.1.0
    socks-proxy-agent: ^8.0.1
  checksum: f1ef5a4089318e926d4ec741dd11d42c9e271c2ad28cc969c22ec99f62e178c483cb4cefb0c8b361f4a348ea5d471fd7916eb2e9e78e90b4451288a811694f6b
  languageName: node
  linkType: hard

"proxy-from-env@npm:^1.1.0":
  version: 1.1.0
  resolution: "proxy-from-env@npm:1.1.0"
  checksum: ed7fcc2ba0a33404958e34d95d18638249a68c430e30fcb6c478497d72739ba64ce9810a24f53a7d921d0c065e5b78e3822759800698167256b04659366ca4d4
  languageName: node
  linkType: hard

"ps-list@npm:^8.0.0":
  version: 8.1.1
  resolution: "ps-list@npm:8.1.1"
  checksum: 102396b4db030936d7ea7c811b6b1d0322142a271b374444d9b8600268b1b1a67249d2cadd5605f491129a2b44cd4f83e21d1dfbf72ac5e85104eaf07f77c0ba
  languageName: node
  linkType: hard

"pump@npm:^3.0.0":
  version: 3.0.0
  resolution: "pump@npm:3.0.0"
  dependencies:
    end-of-stream: ^1.1.0
    once: ^1.3.1
  checksum: e42e9229fba14732593a718b04cb5e1cfef8254544870997e0ecd9732b189a48e1256e4e5478148ecb47c8511dca2b09eae56b4d0aad8009e6fac8072923cfc9
  languageName: node
  linkType: hard

"puppeteer-core@npm:^20.8.0":
  version: 20.8.1
  resolution: "puppeteer-core@npm:20.8.1"
  dependencies:
    "@puppeteer/browsers": 1.4.4
    chromium-bidi: 0.4.16
    cross-fetch: 4.0.0
    debug: 4.3.4
    devtools-protocol: 0.0.1135028
    ws: 8.13.0
  peerDependencies:
    typescript: ">= 4.7.4"
  peerDependenciesMeta:
    typescript:
      optional: true
  checksum: 9f0d84406c44823c55bde1978f14dc01543de4c5ee6c6cae829f90bc0151d377e8d2618b021c6a8cc18ef60ac9d39d38fd2bedc490529a4b46b27d669518f560
  languageName: node
  linkType: hard

"queue-tick@npm:^1.0.1":
  version: 1.0.1
  resolution: "queue-tick@npm:1.0.1"
  checksum: 57c3292814b297f87f792fbeb99ce982813e4e54d7a8bdff65cf53d5c084113913289d4a48ec8bbc964927a74b847554f9f4579df43c969a6c8e0f026457ad01
  languageName: node
  linkType: hard

"require-directory@npm:^2.1.1":
  version: 2.1.1
  resolution: "require-directory@npm:2.1.1"
  checksum: fb47e70bf0001fdeabdc0429d431863e9475e7e43ea5f94ad86503d918423c1543361cc5166d713eaa7029dd7a3d34775af04764bebff99ef413111a5af18c80
  languageName: node
  linkType: hard

"robots-parser@npm:^3.0.0":
  version: 3.0.1
  resolution: "robots-parser@npm:3.0.1"
  checksum: fa85e44937da98da053cea78ab97d46a434a9efcac67045f8608ffc57dfff9f8cfb1e06224738c5d0a0aca32a3f9941a357ec561f39465edfc8b54548ef16f22
  languageName: node
  linkType: hard

"semver@npm:^5.3.0":
  version: 5.7.2
  resolution: "semver@npm:5.7.2"
  bin:
    semver: bin/semver
  checksum: fb4ab5e0dd1c22ce0c937ea390b4a822147a9c53dbd2a9a0132f12fe382902beef4fbf12cf51bb955248d8d15874ce8cd89532569756384f994309825f10b686
  languageName: node
  linkType: hard

"semver@npm:^6.0.0":
  version: 6.3.1
  resolution: "semver@npm:6.3.1"
  bin:
    semver: bin/semver.js
  checksum: ae47d06de28836adb9d3e25f22a92943477371292d9b665fb023fae278d345d508ca1958232af086d85e0155aee22e313e100971898bbb8d5d89b8b1d4054ca2
  languageName: node
  linkType: hard

"signal-exit@npm:^3.0.2":
  version: 3.0.7
  resolution: "signal-exit@npm:3.0.7"
  checksum: a2f098f247adc367dffc27845853e9959b9e88b01cb301658cfe4194352d8d2bb32e18467c786a7fe15f1d44b233ea35633d076d5e737870b7139949d1ab6318
  languageName: node
  linkType: hard

"smart-buffer@npm:^4.2.0":
  version: 4.2.0
  resolution: "smart-buffer@npm:4.2.0"
  checksum: b5167a7142c1da704c0e3af85c402002b597081dd9575031a90b4f229ca5678e9a36e8a374f1814c8156a725d17008ae3bde63b92f9cfd132526379e580bec8b
  languageName: node
  linkType: hard

"socks-proxy-agent@npm:^8.0.1":
  version: 8.0.1
  resolution: "socks-proxy-agent@npm:8.0.1"
  dependencies:
    agent-base: ^7.0.1
    debug: ^4.3.4
    socks: ^2.7.1
  checksum: f6538fd16cb545094d20b9a1ae97bb2c4ddd150622ad7cc6b64c89c889d8847b7bac179757838ce5487cbac49a499537e3991c975fe13b152b76b10027470dfb
  languageName: node
  linkType: hard

"socks@npm:^2.7.1":
  version: 2.7.1
  resolution: "socks@npm:2.7.1"
  dependencies:
    ip: ^2.0.0
    smart-buffer: ^4.2.0
  checksum: 259d9e3e8e1c9809a7f5c32238c3d4d2a36b39b83851d0f573bfde5f21c4b1288417ce1af06af1452569cd1eb0841169afd4998f0e04ba04656f6b7f0e46d748
  languageName: node
  linkType: hard

"source-map@npm:~0.6.1":
  version: 0.6.1
  resolution: "source-map@npm:0.6.1"
  checksum: 59ce8640cf3f3124f64ac289012c2b8bd377c238e316fb323ea22fbfe83da07d81e000071d7242cad7a23cd91c7de98e4df8830ec3f133cb6133a5f6e9f67bc2
  languageName: node
  linkType: hard

"speedline-core@npm:^1.4.3":
  version: 1.4.3
  resolution: "speedline-core@npm:1.4.3"
  dependencies:
    "@types/node": "*"
    image-ssim: ^0.2.0
    jpeg-js: ^0.4.1
  checksum: dbbdc6d869b5214cd29e9c558a12002323195b70f7f641502493d0d93de990fbb846bf0da949bee78ee360153a2f449e07812cb22d8cf99aaa1f2ed5b1198f91
  languageName: node
  linkType: hard

"streamx@npm:^2.15.0":
  version: 2.15.0
  resolution: "streamx@npm:2.15.0"
  dependencies:
    fast-fifo: ^1.1.0
    queue-tick: ^1.0.1
  checksum: 6f1dcdc326d57fa4ec0c2aade730b701d28e4e206047c230c6b3f6ac25b28f79809533342dd3e11861237dbd14f3af9ab83be972f569ccdf5eddc5c7ffeb657a
  languageName: node
  linkType: hard

"string-width@npm:^4.1.0, string-width@npm:^4.2.0, string-width@npm:^4.2.3":
  version: 4.2.3
  resolution: "string-width@npm:4.2.3"
  dependencies:
    emoji-regex: ^8.0.0
    is-fullwidth-code-point: ^3.0.0
    strip-ansi: ^6.0.1
  checksum: e52c10dc3fbfcd6c3a15f159f54a90024241d0f149cf8aed2982a2d801d2e64df0bf1dc351cf8e95c3319323f9f220c16e740b06faecd53e2462df1d2b5443fb
  languageName: node
  linkType: hard

"strip-ansi@npm:^6.0.0, strip-ansi@npm:^6.0.1":
  version: 6.0.1
  resolution: "strip-ansi@npm:6.0.1"
  dependencies:
    ansi-regex: ^5.0.1
  checksum: f3cd25890aef3ba6e1a74e20896c21a46f482e93df4a06567cebf2b57edabb15133f1f94e57434e0a958d61186087b1008e89c94875d019910a213181a14fc8c
  languageName: node
  linkType: hard

"tar-fs@npm:3.0.4":
  version: 3.0.4
  resolution: "tar-fs@npm:3.0.4"
  dependencies:
    mkdirp-classic: ^0.5.2
    pump: ^3.0.0
    tar-stream: ^3.1.5
  checksum: dcf4054f9e92ca0efe61c2b3f612914fb259a47900aa908a63106513a6d006c899b426ada53eb88d9dbbf089b5724c8e90b96a2c4ca6171845fa14203d734e30
  languageName: node
  linkType: hard

"tar-stream@npm:^3.1.5":
  version: 3.1.6
  resolution: "tar-stream@npm:3.1.6"
  dependencies:
    b4a: ^1.6.4
    fast-fifo: ^1.2.0
    streamx: ^2.15.0
  checksum: f3627f918581976e954ff03cb8d370551053796b82564f8c7ca8fac84c48e4d042026d0854fc222171a34ff9c682b72fae91be9c9b0a112d4c54f9e4f443e9c5
  languageName: node
  linkType: hard

"third-party-web@npm:^0.23.3":
  version: 0.23.3
  resolution: "third-party-web@npm:0.23.3"
  checksum: f5f5cb45705d4968b78f9575d3938d340f38efeae5b232b5799f2ce5802bea2db2e2cfa728ccdea4ae45942f10fa42882ded7368b9d1fdc544077062d5a8425d
  languageName: node
  linkType: hard

"through@npm:^2.3.8":
  version: 2.3.8
  resolution: "through@npm:2.3.8"
  checksum: a38c3e059853c494af95d50c072b83f8b676a9ba2818dcc5b108ef252230735c54e0185437618596c790bbba8fcdaef5b290405981ffa09dce67b1f1bf190cbd
  languageName: node
  linkType: hard

"tr46@npm:~0.0.3":
  version: 0.0.3
  resolution: "tr46@npm:0.0.3"
  checksum: 726321c5eaf41b5002e17ffbd1fb7245999a073e8979085dacd47c4b4e8068ff5777142fc6726d6ca1fd2ff16921b48788b87225cbc57c72636f6efa8efbffe3
  languageName: node
  linkType: hard

"ts-node-problem@workspace:.":
  version: 0.0.0-use.local
  resolution: "ts-node-problem@workspace:."
  dependencies:
    "@types/node": ^20.4.1
    chrome-launcher: ^0.15.2
    lighthouse: ^10.4.0
    prettier: ^3.0.0
  languageName: unknown
  linkType: soft

"tslib@npm:^1.9.3":
  version: 1.14.1
  resolution: "tslib@npm:1.14.1"
  checksum: dbe628ef87f66691d5d2959b3e41b9ca0045c3ee3c7c7b906cc1e328b39f199bb1ad9e671c39025bd56122ac57dfbf7385a94843b1cc07c60a4db74795829acd
  languageName: node
  linkType: hard

"tslib@npm:^2.0.1":
  version: 2.6.0
  resolution: "tslib@npm:2.6.0"
  checksum: c01066038f950016a18106ddeca4649b4d76caa76ec5a31e2a26e10586a59fceb4ee45e96719bf6c715648e7c14085a81fee5c62f7e9ebee68e77a5396e5538f
  languageName: node
  linkType: hard

"type-check@npm:~0.3.2":
  version: 0.3.2
  resolution: "type-check@npm:0.3.2"
  dependencies:
    prelude-ls: ~1.1.2
  checksum: dd3b1495642731bc0e1fc40abe5e977e0263005551ac83342ecb6f4f89551d106b368ec32ad3fb2da19b3bd7b2d1f64330da2ea9176d8ddbfe389fb286eb5124
  languageName: node
  linkType: hard

"typedarray-to-buffer@npm:^3.1.5":
  version: 3.1.5
  resolution: "typedarray-to-buffer@npm:3.1.5"
  dependencies:
    is-typedarray: ^1.0.0
  checksum: 99c11aaa8f45189fcfba6b8a4825fd684a321caa9bd7a76a27cf0c7732c174d198b99f449c52c3818107430b5f41c0ccbbfb75cb2ee3ca4a9451710986d61a60
  languageName: node
  linkType: hard

"unbzip2-stream@npm:1.4.3":
  version: 1.4.3
  resolution: "unbzip2-stream@npm:1.4.3"
  dependencies:
    buffer: ^5.2.1
    through: ^2.3.8
  checksum: 0e67c4a91f4fa0fc7b4045f8b914d3498c2fc2e8c39c359977708ec85ac6d6029840e97f508675fdbdf21fcb8d276ca502043406f3682b70f075e69aae626d1d
  languageName: node
  linkType: hard

"unique-string@npm:^2.0.0":
  version: 2.0.0
  resolution: "unique-string@npm:2.0.0"
  dependencies:
    crypto-random-string: ^2.0.0
  checksum: ef68f639136bcfe040cf7e3cd7a8dff076a665288122855148a6f7134092e6ed33bf83a7f3a9185e46c98dddc445a0da6ac25612afa1a7c38b8b654d6c02498e
  languageName: node
  linkType: hard

"universalify@npm:^0.1.0":
  version: 0.1.2
  resolution: "universalify@npm:0.1.2"
  checksum: 40cdc60f6e61070fe658ca36016a8f4ec216b29bf04a55dce14e3710cc84c7448538ef4dad3728d0bfe29975ccd7bfb5f414c45e7b78883567fb31b246f02dff
  languageName: node
  linkType: hard

"vm2@npm:^3.9.19":
  version: 3.9.19
  resolution: "vm2@npm:3.9.19"
  dependencies:
    acorn: ^8.7.0
    acorn-walk: ^8.2.0
  bin:
    vm2: bin/vm2
  checksum: fc6cf553134145cd7bb5246985bf242b056e3fb5ea71e2eef6710b2a5d6c6119cc6bc960435ff62480ee82efb43369be8f4db07b6690916ae7d3b2e714f395d8
  languageName: node
  linkType: hard

"webidl-conversions@npm:^3.0.0":
  version: 3.0.1
  resolution: "webidl-conversions@npm:3.0.1"
  checksum: c92a0a6ab95314bde9c32e1d0a6dfac83b578f8fa5f21e675bc2706ed6981bc26b7eb7e6a1fab158e5ce4adf9caa4a0aee49a52505d4d13c7be545f15021b17c
  languageName: node
  linkType: hard

"whatwg-url@npm:^5.0.0":
  version: 5.0.0
  resolution: "whatwg-url@npm:5.0.0"
  dependencies:
    tr46: ~0.0.3
    webidl-conversions: ^3.0.0
  checksum: b8daed4ad3356cc4899048a15b2c143a9aed0dfae1f611ebd55073310c7b910f522ad75d727346ad64203d7e6c79ef25eafd465f4d12775ca44b90fa82ed9e2c
  languageName: node
  linkType: hard

"word-wrap@npm:~1.2.3":
  version: 1.2.3
  resolution: "word-wrap@npm:1.2.3"
  checksum: 30b48f91fcf12106ed3186ae4fa86a6a1842416df425be7b60485de14bec665a54a68e4b5156647dec3a70f25e84d270ca8bc8cd23182ed095f5c7206a938c1f
  languageName: node
  linkType: hard

"wrap-ansi@npm:^7.0.0":
  version: 7.0.0
  resolution: "wrap-ansi@npm:7.0.0"
  dependencies:
    ansi-styles: ^4.0.0
    string-width: ^4.1.0
    strip-ansi: ^6.0.0
  checksum: a790b846fd4505de962ba728a21aaeda189b8ee1c7568ca5e817d85930e06ef8d1689d49dbf0e881e8ef84436af3a88bc49115c2e2788d841ff1b8b5b51a608b
  languageName: node
  linkType: hard

"wrappy@npm:1":
  version: 1.0.2
  resolution: "wrappy@npm:1.0.2"
  checksum: 159da4805f7e84a3d003d8841557196034155008f817172d4e986bd591f74aa82aa7db55929a54222309e01079a65a92a9e6414da5a6aa4b01ee44a511ac3ee5
  languageName: node
  linkType: hard

"write-file-atomic@npm:^3.0.0":
  version: 3.0.3
  resolution: "write-file-atomic@npm:3.0.3"
  dependencies:
    imurmurhash: ^0.1.4
    is-typedarray: ^1.0.0
    signal-exit: ^3.0.2
    typedarray-to-buffer: ^3.1.5
  checksum: c55b24617cc61c3a4379f425fc62a386cc51916a9b9d993f39734d005a09d5a4bb748bc251f1304e7abd71d0a26d339996c275955f527a131b1dcded67878280
  languageName: node
  linkType: hard

"ws@npm:8.13.0":
  version: 8.13.0
  resolution: "ws@npm:8.13.0"
  peerDependencies:
    bufferutil: ^4.0.1
    utf-8-validate: ">=5.0.2"
  peerDependenciesMeta:
    bufferutil:
      optional: true
    utf-8-validate:
      optional: true
  checksum: 53e991bbf928faf5dc6efac9b8eb9ab6497c69feeb94f963d648b7a3530a720b19ec2e0ec037344257e05a4f35bd9ad04d9de6f289615ffb133282031b18c61c
  languageName: node
  linkType: hard

"ws@npm:^7.0.0":
  version: 7.5.9
  resolution: "ws@npm:7.5.9"
  peerDependencies:
    bufferutil: ^4.0.1
    utf-8-validate: ^5.0.2
  peerDependenciesMeta:
    bufferutil:
      optional: true
    utf-8-validate:
      optional: true
  checksum: c3c100a181b731f40b7f2fddf004aa023f79d64f489706a28bc23ff88e87f6a64b3c6651fbec3a84a53960b75159574d7a7385709847a62ddb7ad6af76f49138
  languageName: node
  linkType: hard

"xdg-basedir@npm:^4.0.0":
  version: 4.0.0
  resolution: "xdg-basedir@npm:4.0.0"
  checksum: 0073d5b59a37224ed3a5ac0dd2ec1d36f09c49f0afd769008a6e9cd3cd666bd6317bd1c7ce2eab47e1de285a286bad11a9b038196413cd753b79770361855f3c
  languageName: node
  linkType: hard

"y18n@npm:^5.0.5":
  version: 5.0.8
  resolution: "y18n@npm:5.0.8"
  checksum: 54f0fb95621ee60898a38c572c515659e51cc9d9f787fb109cef6fde4befbe1c4602dc999d30110feee37456ad0f1660fa2edcfde6a9a740f86a290999550d30
  languageName: node
  linkType: hard

"yargs-parser@npm:^21.0.0, yargs-parser@npm:^21.1.1":
  version: 21.1.1
  resolution: "yargs-parser@npm:21.1.1"
  checksum: ed2d96a616a9e3e1cc7d204c62ecc61f7aaab633dcbfab2c6df50f7f87b393993fe6640d017759fe112d0cb1e0119f2b4150a87305cc873fd90831c6a58ccf1c
  languageName: node
  linkType: hard

"yargs@npm:17.7.1":
  version: 17.7.1
  resolution: "yargs@npm:17.7.1"
  dependencies:
    cliui: ^8.0.1
    escalade: ^3.1.1
    get-caller-file: ^2.0.5
    require-directory: ^2.1.1
    string-width: ^4.2.3
    y18n: ^5.0.5
    yargs-parser: ^21.1.1
  checksum: 3d8a43c336a4942bc68080768664aca85c7bd406f018bad362fd255c41c8f4e650277f42fd65d543fce99e084124ddafee7bbfc1a5c6a8fda4cec78609dcf8d4
  languageName: node
  linkType: hard

"yargs@npm:^17.3.1":
  version: 17.7.2
  resolution: "yargs@npm:17.7.2"
  dependencies:
    cliui: ^8.0.1
    escalade: ^3.1.1
    get-caller-file: ^2.0.5
    require-directory: ^2.1.1
    string-width: ^4.2.3
    y18n: ^5.0.5
    yargs-parser: ^21.1.1
  checksum: 73b572e863aa4a8cbef323dd911d79d193b772defd5a51aab0aca2d446655216f5002c42c5306033968193bdbf892a7a4c110b0d77954a7fdf563e653967b56a
  languageName: node
  linkType: hard

"yauzl@npm:^2.10.0":
  version: 2.10.0
  resolution: "yauzl@npm:2.10.0"
  dependencies:
    buffer-crc32: ~0.2.3
    fd-slicer: ~1.1.0
  checksum: 7f21fe0bbad6e2cb130044a5d1d0d5a0e5bf3d8d4f8c4e6ee12163ce798fee3de7388d22a7a0907f563ac5f9d40f8699a223d3d5c1718da90b0156da6904022b
  languageName: node
  linkType: hard
